// !$*UTF8*$!
{
	archiveVersion = 1;
	classes = {
	};
	objectVersion = 46;
	objects = {

/* Begin PBXBuildFile section */
		808C3D331D272706003A2900 /* AppDelegate.swift in Sources */ = {isa = PBXBuildFile; fileRef = 808C3D321D272706003A2900 /* AppDelegate.swift */; };
		808C3D351D272706003A2900 /* ViewController.swift in Sources */ = {isa = PBXBuildFile; fileRef = 808C3D341D272706003A2900 /* ViewController.swift */; };
		808C3D381D272706003A2900 /* Main.storyboard in Resources */ = {isa = PBXBuildFile; fileRef = 808C3D361D272706003A2900 /* Main.storyboard */; };
		808C3D3A1D272706003A2900 /* Assets.xcassets in Resources */ = {isa = PBXBuildFile; fileRef = 808C3D391D272706003A2900 /* Assets.xcassets */; };
		808C3D3D1D272706003A2900 /* LaunchScreen.storyboard in Resources */ = {isa = PBXBuildFile; fileRef = 808C3D3B1D272706003A2900 /* LaunchScreen.storyboard */; };
		808C3D481D272706003A2900 /* tipperTests.swift in Sources */ = {isa = PBXBuildFile; fileRef = 808C3D471D272706003A2900 /* tipperTests.swift */; };
		808C3D531D272706003A2900 /* tipperUITests.swift in Sources */ = {isa = PBXBuildFile; fileRef = 808C3D521D272706003A2900 /* tipperUITests.swift */; };
/* End PBXBuildFile section */

/* Begin PBXContainerItemProxy section */
		808C3D441D272706003A2900 /* PBXContainerItemProxy */ = {
			isa = PBXContainerItemProxy;
			containerPortal = 808C3D271D272706003A2900 /* Project object */;
			proxyType = 1;
			remoteGlobalIDString = 808C3D2E1D272706003A2900;
			remoteInfo = tipper;
		};
		808C3D4F1D272706003A2900 /* PBXContainerItemProxy */ = {
			isa = PBXContainerItemProxy;
			containerPortal = 808C3D271D272706003A2900 /* Project object */;
			proxyType = 1;
			remoteGlobalIDString = 808C3D2E1D272706003A2900;
			remoteInfo = tipper;
		};
/* End PBXContainerItemProxy section */

/* Begin PBXFileReference section */
		808C3D2F1D272706003A2900 /* tipper.app */ = {isa = PBXFileReference; explicitFileType = wrapper.application; includeInIndex = 0; path = tipper.app; sourceTree = BUILT_PRODUCTS_DIR; };
		808C3D321D272706003A2900 /* AppDelegate.swift */ = {isa = PBXFileReference; lastKnownFileType = sourcecode.swift; path = AppDelegate.swift; sourceTree = "<group>"; };
		808C3D341D272706003A2900 /* ViewController.swift */ = {isa = PBXFileReference; lastKnownFileType = sourcecode.swift; path = ViewController.swift; sourceTree = "<group>"; };
		808C3D371D272706003A2900 /* Base */ = {isa = PBXFileReference; lastKnownFileType = file.storyboard; name = Base; path = Base.lproj/Main.storyboard; sourceTree = "<group>"; };
		808C3D391D272706003A2900 /* Assets.xcassets */ = {isa = PBXFileReference; lastKnownFileType = folder.assetcatalog; path = Assets.xcassets; sourceTree = "<group>"; };
		808C3D3C1D272706003A2900 /* Base */ = {isa = PBXFileReference; lastKnownFileType = file.storyboard; name = Base; path = Base.lproj/LaunchScreen.storyboard; sourceTree = "<group>"; };
		808C3D3E1D272706003A2900 /* Info.plist */ = {isa = PBXFileReference; lastKnownFileType = text.plist.xml; path = Info.plist; sourceTree = "<group>"; };
		808C3D431D272706003A2900 /* tipperTests.xctest */ = {isa = PBXFileReference; explicitFileType = wrapper.cfbundle; includeInIndex = 0; path = tipperTests.xctest; sourceTree = BUILT_PRODUCTS_DIR; };
		808C3D471D272706003A2900 /* tipperTests.swift */ = {isa = PBXFileReference; lastKnownFileType = sourcecode.swift; path = tipperTests.swift; sourceTree = "<group>"; };
		808C3D491D272706003A2900 /* Info.plist */ = {isa = PBXFileReference; lastKnownFileType = text.plist.xml; path = Info.plist; sourceTree = "<group>"; };
		808C3D4E1D272706003A2900 /* tipperUITests.xctest */ = {isa = PBXFileReference; explicitFileType = wrapper.cfbundle; includeInIndex = 0; path = tipperUITests.xctest; sourceTree = BUILT_PRODUCTS_DIR; };
		808C3D521D272706003A2900 /* tipperUITests.swift */ = {isa = PBXFileReference; lastKnownFileType = sourcecode.swift; path = tipperUITests.swift; sourceTree = "<group>"; };
		808C3D541D272706003A2900 /* Info.plist */ = {isa = PBXFileReference; lastKnownFileType = text.plist.xml; path = Info.plist; sourceTree = "<group>"; };
/* End PBXFileReference section */

/* Begin PBXFrameworksBuildPhase section */
		808C3D2C1D272706003A2900 /* Frameworks */ = {
			isa = PBXFrameworksBuildPhase;
			buildActionMask = 2147483647;
			files = (
			);
			runOnlyForDeploymentPostprocessing = 0;
		};
		808C3D401D272706003A2900 /* Frameworks */ = {
			isa = PBXFrameworksBuildPhase;
			buildActionMask = 2147483647;
			files = (
			);
			runOnlyForDeploymentPostprocessing = 0;
		};
		808C3D4B1D272706003A2900 /* Frameworks */ = {
			isa = PBXFrameworksBuildPhase;
			buildActionMask = 2147483647;
			files = (
			);
			runOnlyForDeploymentPostprocessing = 0;
		};
/* End PBXFrameworksBuildPhase section */

/* Begin PBXGroup section */
		808C3D261D272706003A2900 = {
			isa = PBXGroup;
			children = (
				808C3D311D272706003A2900 /* tipper */,
				808C3D461D272706003A2900 /* tipperTests */,
				808C3D511D272706003A2900 /* tipperUITests */,
				808C3D301D272706003A2900 /* Products */,
			);
			sourceTree = "<group>";
		};
		808C3D301D272706003A2900 /* Products */ = {
			isa = PBXGroup;
			children = (
				808C3D2F1D272706003A2900 /* tipper.app */,
				808C3D431D272706003A2900 /* tipperTests.xctest */,
				808C3D4E1D272706003A2900 /* tipperUITests.xctest */,
			);
			name = Products;
			sourceTree = "<group>";
		};
		808C3D311D272706003A2900 /* tipper */ = {
			isa = PBXGroup;
			children = (
				808C3D321D272706003A2900 /* AppDelegate.swift */,
				808C3D341D272706003A2900 /* ViewController.swift */,
				808C3D361D272706003A2900 /* Main.storyboard */,
				808C3D391D272706003A2900 /* Assets.xcassets */,
				808C3D3B1D272706003A2900 /* LaunchScreen.storyboard */,
				808C3D3E1D272706003A2900 /* Info.plist */,
			);
			path = tipper;
			sourceTree = "<group>";
		};
		808C3D461D272706003A2900 /* tipperTests */ = {
			isa = PBXGroup;
			children = (
				808C3D471D272706003A2900 /* tipperTests.swift */,
				808C3D491D272706003A2900 /* Info.plist */,
			);
			path = tipperTests;
			sourceTree = "<group>";
		};
		808C3D511D272706003A2900 /* tipperUITests */ = {
			isa = PBXGroup;
			children = (
				808C3D521D272706003A2900 /* tipperUITests.swift */,
				808C3D541D272706003A2900 /* Info.plist */,
			);
			path = tipperUITests;
			sourceTree = "<group>";
		};
/* End PBXGroup section */

/* Begin PBXNativeTarget section */
		808C3D2E1D272706003A2900 /* tipper */ = {
			isa = PBXNativeTarget;
			buildConfigurationList = 808C3D571D272706003A2900 /* Build configuration list for PBXNativeTarget "tipper" */;
			buildPhases = (
				808C3D2B1D272706003A2900 /* Sources */,
				808C3D2C1D272706003A2900 /* Frameworks */,
				808C3D2D1D272706003A2900 /* Resources */,
			);
			buildRules = (
			);
			dependencies = (
			);
			name = tipper;
			productName = tipper;
			productReference = 808C3D2F1D272706003A2900 /* tipper.app */;
			productType = "com.apple.product-type.application";
		};
		808C3D421D272706003A2900 /* tipperTests */ = {
			isa = PBXNativeTarget;
			buildConfigurationList = 808C3D5A1D272706003A2900 /* Build configuration list for PBXNativeTarget "tipperTests" */;
			buildPhases = (
				808C3D3F1D272706003A2900 /* Sources */,
				808C3D401D272706003A2900 /* Frameworks */,
				808C3D411D272706003A2900 /* Resources */,
			);
			buildRules = (
			);
			dependencies = (
				808C3D451D272706003A2900 /* PBXTargetDependency */,
			);
			name = tipperTests;
			productName = tipperTests;
			productReference = 808C3D431D272706003A2900 /* tipperTests.xctest */;
			productType = "com.apple.product-type.bundle.unit-test";
		};
		808C3D4D1D272706003A2900 /* tipperUITests */ = {
			isa = PBXNativeTarget;
			buildConfigurationList = 808C3D5D1D272706003A2900 /* Build configuration list for PBXNativeTarget "tipperUITests" */;
			buildPhases = (
				808C3D4A1D272706003A2900 /* Sources */,
				808C3D4B1D272706003A2900 /* Frameworks */,
				808C3D4C1D272706003A2900 /* Resources */,
			);
			buildRules = (
			);
			dependencies = (
				808C3D501D272706003A2900 /* PBXTargetDependency */,
			);
			name = tipperUITests;
			productName = tipperUITests;
			productReference = 808C3D4E1D272706003A2900 /* tipperUITests.xctest */;
			productType = "com.apple.product-type.bundle.ui-testing";
		};
/* End PBXNativeTarget section */

/* Begin PBXProject section */
		808C3D271D272706003A2900 /* Project object */ = {
			isa = PBXProject;
			attributes = {
				LastSwiftUpdateCheck = 0800;
				LastUpgradeCheck = 0800;
				ORGANIZATIONNAME = "Pushpinder Jaswal";
				TargetAttributes = {
					808C3D2E1D272706003A2900 = {
						CreatedOnToolsVersion = 8.0;
						ProvisioningStyle = Automatic;
					};
					808C3D421D272706003A2900 = {
						CreatedOnToolsVersion = 8.0;
						ProvisioningStyle = Automatic;
						TestTargetID = 808C3D2E1D272706003A2900;
					};
					808C3D4D1D272706003A2900 = {
						CreatedOnToolsVersion = 8.0;
						ProvisioningStyle = Automatic;
						TestTargetID = 808C3D2E1D272706003A2900;
					};
				};
			};
			buildConfigurationList = 808C3D2A1D272706003A2900 /* Build configuration list for PBXProject "tipper" */;
			compatibilityVersion = "Xcode 3.2";
			developmentRegion = English;
			hasScannedForEncodings = 0;
			knownRegions = (
				en,
				Base,
			);
			mainGroup = 808C3D261D272706003A2900;
			productRefGroup = 808C3D301D272706003A2900 /* Products */;
			projectDirPath = "";
			projectRoot = "";
			targets = (
				808C3D2E1D272706003A2900 /* tipper */,
				808C3D421D272706003A2900 /* tipperTests */,
				808C3D4D1D272706003A2900 /* tipperUITests */,
			);
		};
/* End PBXProject section */

/* Begin PBXResourcesBuildPhase section */
		808C3D2D1D272706003A2900 /* Resources */ = {
			isa = PBXResourcesBuildPhase;
			buildActionMask = 2147483647;
			files = (
				808C3D3D1D272706003A2900 /* LaunchScreen.storyboard in Resources */,
				808C3D3A1D272706003A2900 /* Assets.xcassets in Resources */,
				808C3D381D272706003A2900 /* Main.storyboard in Resources */,
			);
			runOnlyForDeploymentPostprocessing = 0;
		};
		808C3D411D272706003A2900 /* Resources */ = {
			isa = PBXResourcesBuildPhase;
			buildActionMask = 2147483647;
			files = (
			);
			runOnlyForDeploymentPostprocessing = 0;
		};
		808C3D4C1D272706003A2900 /* Resources */ = {
			isa = PBXResourcesBuildPhase;
			buildActionMask = 2147483647;
			files = (
			);
			runOnlyForDeploymentPostprocessing = 0;
		};
/* End PBXResourcesBuildPhase section */

/* Begin PBXSourcesBuildPhase section */
		808C3D2B1D272706003A2900 /* Sources */ = {
			isa = PBXSourcesBuildPhase;
			buildActionMask = 2147483647;
			files = (
				808C3D351D272706003A2900 /* ViewController.swift in Sources */,
				808C3D331D272706003A2900 /* AppDelegate.swift in Sources */,
			);
			runOnlyForDeploymentPostprocessing = 0;
		};
		808C3D3F1D272706003A2900 /* Sources */ = {
			isa = PBXSourcesBuildPhase;
			buildActionMask = 2147483647;
			files = (
				808C3D481D272706003A2900 /* tipperTests.swift in Sources */,
			);
			runOnlyForDeploymentPostprocessing = 0;
		};
		808C3D4A1D272706003A2900 /* Sources */ = {
			isa = PBXSourcesBuildPhase;
			buildActionMask = 2147483647;
			files = (
				808C3D531D272706003A2900 /* tipperUITests.swift in Sources */,
			);
			runOnlyForDeploymentPostprocessing = 0;
		};
/* End PBXSourcesBuildPhase section */

/* Begin PBXTargetDependency section */
		808C3D451D272706003A2900 /* PBXTargetDependency */ = {
			isa = PBXTargetDependency;
			target = 808C3D2E1D272706003A2900 /* tipper */;
			targetProxy = 808C3D441D272706003A2900 /* PBXContainerItemProxy */;
		};
		808C3D501D272706003A2900 /* PBXTargetDependency */ = {
			isa = PBXTargetDependency;
			target = 808C3D2E1D272706003A2900 /* tipper */;
			targetProxy = 808C3D4F1D272706003A2900 /* PBXContainerItemProxy */;
		};
/* End PBXTargetDependency section */

/* Begin PBXVariantGroup section */
		808C3D361D272706003A2900 /* Main.storyboard */ = {
			isa = PBXVariantGroup;
			children = (
				808C3D371D272706003A2900 /* Base */,
			);
			name = Main.storyboard;
			sourceTree = "<group>";
		};
		808C3D3B1D272706003A2900 /* LaunchScreen.storyboard */ = {
			isa = PBXVariantGroup;
			children = (
				808C3D3C1D272706003A2900 /* Base */,
			);
			name = LaunchScreen.storyboard;
			sourceTree = "<group>";
		};
/* End PBXVariantGroup section */

/* Begin XCBuildConfiguration section */
		808C3D551D272706003A2900 /* Debug */ = {
			isa = XCBuildConfiguration;
			buildSettings = {
				ALWAYS_SEARCH_USER_PATHS = NO;
				CLANG_ANALYZER_NONNULL = YES;
				CLANG_CXX_LANGUAGE_STANDARD = "gnu++0x";
				CLANG_CXX_LIBRARY = "libc++";
				CLANG_ENABLE_MODULES = YES;
				CLANG_ENABLE_OBJC_ARC = YES;
				CLANG_WARN_BOOL_CONVERSION = YES;
				CLANG_WARN_CONSTANT_CONVERSION = YES;
				CLANG_WARN_DIRECT_OBJC_ISA_USAGE = YES_ERROR;
				CLANG_WARN_DOCUMENTATION_COMMENTS = YES;
				CLANG_WARN_EMPTY_BODY = YES;
				CLANG_WARN_ENUM_CONVERSION = YES;
				CLANG_WARN_INT_CONVERSION = YES;
				CLANG_WARN_OBJC_ROOT_CLASS = YES_ERROR;
				CLANG_WARN_UNREACHABLE_CODE = YES;
				CLANG_WARN__DUPLICATE_METHOD_MATCH = YES;
				"CODE_SIGN_IDENTITY[sdk=iphoneos*]" = "iPhone Developer";
				COPY_PHASE_STRIP = NO;
				DEBUG_INFORMATION_FORMAT = dwarf;
				ENABLE_STRICT_OBJC_MSGSEND = YES;
				ENABLE_TESTABILITY = YES;
				GCC_C_LANGUAGE_STANDARD = gnu99;
				GCC_DYNAMIC_NO_PIC = NO;
				GCC_NO_COMMON_BLOCKS = YES;
				GCC_OPTIMIZATION_LEVEL = 0;
				GCC_PREPROCESSOR_DEFINITIONS = (
					"DEBUG=1",
					"$(inherited)",
				);
				GCC_WARN_64_TO_32_BIT_CONVERSION = YES;
				GCC_WARN_ABOUT_RETURN_TYPE = YES_ERROR;
				GCC_WARN_UNDECLARED_SELECTOR = YES;
				GCC_WARN_UNINITIALIZED_AUTOS = YES_AGGRESSIVE;
				GCC_WARN_UNUSED_FUNCTION = YES;
				GCC_WARN_UNUSED_VARIABLE = YES;
				IPHONEOS_DEPLOYMENT_TARGET = 10.0;
				MTL_ENABLE_DEBUG_INFO = YES;
				ONLY_ACTIVE_ARCH = YES;
				SDKROOT = iphoneos;
				SWIFT_ACTIVE_COMPILATION_CONDITIONS = DEBUG;
				SWIFT_OPTIMIZATION_LEVEL = "-Onone";
			};
			name = Debug;
		};
		808C3D561D272706003A2900 /* Release */ = {
			isa = XCBuildConfiguration;
			buildSettings = {
				ALWAYS_SEARCH_USER_PATHS = NO;
				CLANG_ANALYZER_NONNULL = YES;
				CLANG_CXX_LANGUAGE_STANDARD = "gnu++0x";
				CLANG_CXX_LIBRARY = "libc++";
				CLANG_ENABLE_MODULES = YES;
				CLANG_ENABLE_OBJC_ARC = YES;
				CLANG_WARN_BOOL_CONVERSION = YES;
				CLANG_WARN_CONSTANT_CONVERSION = YES;
				CLANG_WARN_DIRECT_OBJC_ISA_USAGE = YES_ERROR;
				CLANG_WARN_DOCUMENTATION_COMMENTS = YES;
				CLANG_WARN_EMPTY_BODY = YES;
				CLANG_WARN_ENUM_CONVERSION = YES;
				CLANG_WARN_INT_CONVERSION = YES;
				CLANG_WARN_OBJC_ROOT_CLASS = YES_ERROR;
				CLANG_WARN_UNREACHABLE_CODE = YES;
				CLANG_WARN__DUPLICATE_METHOD_MATCH = YES;
				"CODE_SIGN_IDENTITY[sdk=iphoneos*]" = "iPhone Developer";
				COPY_PHASE_STRIP = NO;
				DEBUG_INFORMATION_FORMAT = "dwarf-with-dsym";
				ENABLE_NS_ASSERTIONS = NO;
				ENABLE_STRICT_OBJC_MSGSEND = YES;
				GCC_C_LANGUAGE_STANDARD = gnu99;
				GCC_NO_COMMON_BLOCKS = YES;
				GCC_WARN_64_TO_32_BIT_CONVERSION = YES;
				GCC_WARN_ABOUT_RETURN_TYPE = YES_ERROR;
				GCC_WARN_UNDECLARED_SELECTOR = YES;
				GCC_WARN_UNINITIALIZED_AUTOS = YES_AGGRESSIVE;
				GCC_WARN_UNUSED_FUNCTION = YES;
				GCC_WARN_UNUSED_VARIABLE = YES;
				IPHONEOS_DEPLOYMENT_TARGET = 10.0;
				MTL_ENABLE_DEBUG_INFO = NO;
				SDKROOT = iphoneos;
				SWIFT_OPTIMIZATION_LEVEL = "-Owholemodule";
				VALIDATE_PRODUCT = YES;
			};
			name = Release;
		};
		808C3D581D272706003A2900 /* Debug */ = {
			isa = XCBuildConfiguration;
			buildSettings = {
				ASSETCATALOG_COMPILER_APPICON_NAME = AppIcon;
				INFOPLIST_FILE = tipper/Info.plist;
				LD_RUNPATH_SEARCH_PATHS = "$(inherited) @executable_path/Frameworks";
				PRODUCT_BUNDLE_IDENTIFIER = com.push.tipper;
				PRODUCT_NAME = "$(TARGET_NAME)";
				SWIFT_VERSION = 3.0;
			};
			name = Debug;
		};
		808C3D591D272706003A2900 /* Release */ = {
			isa = XCBuildConfiguration;
			buildSettings = {
				ASSETCATALOG_COMPILER_APPICON_NAME = AppIcon;
				INFOPLIST_FILE = tipper/Info.plist;
				LD_RUNPATH_SEARCH_PATHS = "$(inherited) @executable_path/Frameworks";
				PRODUCT_BUNDLE_IDENTIFIER = com.push.tipper;
				PRODUCT_NAME = "$(TARGET_NAME)";
				SWIFT_VERSION = 3.0;
			};
			name = Release;
		};
		808C3D5B1D272706003A2900 /* Debug */ = {
			isa = XCBuildConfiguration;
			buildSettings = {
				BUNDLE_LOADER = "$(TEST_HOST)";
				INFOPLIST_FILE = tipperTests/Info.plist;
				LD_RUNPATH_SEARCH_PATHS = "$(inherited) @executable_path/Frameworks @loader_path/Frameworks";
				PRODUCT_BUNDLE_IDENTIFIER = com.push.tipperTests;
				PRODUCT_NAME = "$(TARGET_NAME)";
				SWIFT_VERSION = 3.0;
				TEST_HOST = "$(BUILT_PRODUCTS_DIR)/tipper.app/tipper";
			};
			name = Debug;
		};
		808C3D5C1D272706003A2900 /* Release */ = {
			isa = XCBuildConfiguration;
			buildSettings = {
				BUNDLE_LOADER = "$(TEST_HOST)";
				INFOPLIST_FILE = tipperTests/Info.plist;
				LD_RUNPATH_SEARCH_PATHS = "$(inherited) @executable_path/Frameworks @loader_path/Frameworks";
				PRODUCT_BUNDLE_IDENTIFIER = com.push.tipperTests;
				PRODUCT_NAME = "$(TARGET_NAME)";
				SWIFT_VERSION = 3.0;
				TEST_HOST = "$(BUILT_PRODUCTS_DIR)/tipper.app/tipper";
			};
			name = Release;
		};
		808C3D5E1D272706003A2900 /* Debug */ = {
			isa = XCBuildConfiguration;
			buildSettings = {
				INFOPLIST_FILE = tipperUITests/Info.plist;
				LD_RUNPATH_SEARCH_PATHS = "$(inherited) @executable_path/Frameworks @loader_path/Frameworks";
				PRODUCT_BUNDLE_IDENTIFIER = com.push.tipperUITests;
				PRODUCT_NAME = "$(TARGET_NAME)";
				SWIFT_VERSION = 3.0;
				TEST_TARGET_NAME = tipper;
			};
			name = Debug;
		};
		808C3D5F1D272706003A2900 /* Release */ = {
			isa = XCBuildConfiguration;
			buildSettings = {
				INFOPLIST_FILE = tipperUITests/Info.plist;
				LD_RUNPATH_SEARCH_PATHS = "$(inherited) @executable_path/Frameworks @loader_path/Frameworks";
				PRODUCT_BUNDLE_IDENTIFIER = com.push.tipperUITests;
				PRODUCT_NAME = "$(TARGET_NAME)";
				SWIFT_VERSION = 3.0;
				TEST_TARGET_NAME = tipper;
			};
			name = Release;
		};
/* End XCBuildConfiguration section */

/* Begin XCConfigurationList section */
		808C3D2A1D272706003A2900 /* Build configuration list for PBXProject "tipper" */ = {
			isa = XCConfigurationList;
			buildConfigurations = (
				808C3D551D272706003A2900 /* Debug */,
				808C3D561D272706003A2900 /* Release */,
			);
			defaultConfigurationIsVisible = 0;
			defaultConfigurationName = Release;
		};
		808C3D571D272706003A2900 /* Build configuration list for PBXNativeTarget "tipper" */ = {
			isa = XCConfigurationList;
			buildConfigurations = (
				808C3D581D272706003A2900 /* Debug */,
				808C3D591D272706003A2900 /* Release */,
			);
			defaultConfigurationIsVisible = 0;
		};
		808C3D5A1D272706003A2900 /* Build configuration list for PBXNativeTarget "tipperTests" */ = {
			isa = XCConfigurationList;
			buildConfigurations = (
				808C3D5B1D272706003A2900 /* Debug */,
				808C3D5C1D272706003A2900 /* Release */,
			);
			defaultConfigurationIsVisible = 0;
		};
		808C3D5D1D272706003A2900 /* Build configuration list for PBXNativeTarget "tipperUITests" */ = {
			isa = XCConfigurationList;
			buildConfigurations = (
				808C3D5E1D272706003A2900 /* Debug */,
				808C3D5F1D272706003A2900 /* Release */,
			);
			defaultConfigurationIsVisible = 0;
		};
/* End XCConfigurationList section */
	};
	rootObject = 808C3D271D272706003A2900 /* Project object */;
}
